
Microsoft Visual Studio Solution File, Format Version 12.00
# Visual Studio Version 17
VisualStudioVersion = 17.9.34728.123
MinimumVisualStudioVersion = 10.0.40219.1
Project("{FAE04EC0-301F-11D3-BF4B-00C04F79EFBC}") = "20.06.2024-Lab", "20.06.2024-Lab\20.06.2024-Lab.csproj", "{23EA3E7A-4DE2-4DAD-8E93-686FE581FB31}"
EndProject
Global
	GlobalSection(SolutionConfigurationPlatforms) = preSolution
		Debug|Any CPU = Debug|Any CPU
		Release|Any CPU = Release|Any CPU
	EndGlobalSection
	GlobalSection(ProjectConfigurationPlatforms) = postSolution
		{23EA3E7A-4DE2-4DAD-8E93-686FE581FB31}.Debug|Any CPU.ActiveCfg = Debug|Any CPU
		{23EA3E7A-4DE2-4DAD-8E93-686FE581FB31}.Debug|Any CPU.Build.0 = Debug|Any CPU
		{23EA3E7A-4DE2-4DAD-8E93-686FE581FB31}.Release|Any CPU.ActiveCfg = Release|Any CPU
		{23EA3E7A-4DE2-4DAD-8E93-686FE581FB31}.Release|Any CPU.Build.0 = Release|Any CPU
	EndGlobalSection
	GlobalSection(SolutionProperties) = preSolution
		HideSolutionNode = FALSE
	EndGlobalSection
	GlobalSection(ExtensibilityGlobals) = postSolution
		SolutionGuid = {6504EACD-1F2F-4B08-B130-9E119D8209AA}
	EndGlobalSection
EndGlobal
